
Microsoft Visual Studio Solution File, Format Version 12.00
# Visual Studio 14
VisualStudioVersion = 14.0.24720.0
MinimumVisualStudioVersion = 10.0.40219.1
Project("{FAE04EC0-301F-11D3-BF4B-00C04F79EFBC}") = "SqlServerAdoNet", "SqlServerAdoNet\SqlServerAdoNet.csproj", "{8309C009-301E-4D5A-A3B3-D3C4BFFB2B92}"
EndProject
Project("{FAE04EC0-301F-11D3-BF4B-00C04F79EFBC}") = "SqlServerAdoNet.UnitTests", "SqlServerAdoNet.UnitTests\SqlServerAdoNet.UnitTests.csproj", "{6CF6E817-6A3E-4BA2-8701-CE6CC8AF2E4F}"
EndProject
Project("{FAE04EC0-301F-11D3-BF4B-00C04F79EFBC}") = "SqlServerAdoNet.IntegrationTests", "SqlServerAdoNet.IntegrationTests\SqlServerAdoNet.IntegrationTests.csproj", "{675C15ED-6DC9-4D35-ABEE-D600756B5BDC}"
EndProject
Global
	GlobalSection(SolutionConfigurationPlatforms) = preSolution
		Debug|Any CPU = Debug|Any CPU
		Release|Any CPU = Release|Any CPU
	EndGlobalSection
	GlobalSection(ProjectConfigurationPlatforms) = postSolution
		{8309C009-301E-4D5A-A3B3-D3C4BFFB2B92}.Debug|Any CPU.ActiveCfg = Debug|Any CPU
		{8309C009-301E-4D5A-A3B3-D3C4BFFB2B92}.Debug|Any CPU.Build.0 = Debug|Any CPU
		{8309C009-301E-4D5A-A3B3-D3C4BFFB2B92}.Release|Any CPU.ActiveCfg = Release|Any CPU
		{8309C009-301E-4D5A-A3B3-D3C4BFFB2B92}.Release|Any CPU.Build.0 = Release|Any CPU
		{6CF6E817-6A3E-4BA2-8701-CE6CC8AF2E4F}.Debug|Any CPU.ActiveCfg = Debug|Any CPU
		{6CF6E817-6A3E-4BA2-8701-CE6CC8AF2E4F}.Debug|Any CPU.Build.0 = Debug|Any CPU
		{6CF6E817-6A3E-4BA2-8701-CE6CC8AF2E4F}.Release|Any CPU.ActiveCfg = Release|Any CPU
		{6CF6E817-6A3E-4BA2-8701-CE6CC8AF2E4F}.Release|Any CPU.Build.0 = Release|Any CPU
		{675C15ED-6DC9-4D35-ABEE-D600756B5BDC}.Debug|Any CPU.ActiveCfg = Debug|Any CPU
		{675C15ED-6DC9-4D35-ABEE-D600756B5BDC}.Debug|Any CPU.Build.0 = Debug|Any CPU
		{675C15ED-6DC9-4D35-ABEE-D600756B5BDC}.Release|Any CPU.ActiveCfg = Release|Any CPU
		{675C15ED-6DC9-4D35-ABEE-D600756B5BDC}.Release|Any CPU.Build.0 = Release|Any CPU
	EndGlobalSection
	GlobalSection(SolutionProperties) = preSolution
		HideSolutionNode = FALSE
	EndGlobalSection
EndGlobal
